
Microsoft Visual Studio Solution File, Format Version 12.00
# Visual Studio 15
VisualStudioVersion = 15.0.28010.2046
MinimumVisualStudioVersion = 10.0.40219.1
Project("{FAE04EC0-301F-11D3-BF4B-00C04F79EFBC}") = "0506Work_MVC", "0506Work_MVC\0506Work_MVC.csproj", "{27C92F65-D97C-4307-A2FE-4E51F50C6A1B}"
EndProject
Global
	GlobalSection(SolutionConfigurationPlatforms) = preSolution
		Debug|Any CPU = Debug|Any CPU
		Release|Any CPU = Release|Any CPU
	EndGlobalSection
	GlobalSection(ProjectConfigurationPlatforms) = postSolution
		{27C92F65-D97C-4307-A2FE-4E51F50C6A1B}.Debug|Any CPU.ActiveCfg = Debug|Any CPU
		{27C92F65-D97C-4307-A2FE-4E51F50C6A1B}.Debug|Any CPU.Build.0 = Debug|Any CPU
		{27C92F65-D97C-4307-A2FE-4E51F50C6A1B}.Release|Any CPU.ActiveCfg = Release|Any CPU
		{27C92F65-D97C-4307-A2FE-4E51F50C6A1B}.Release|Any CPU.Build.0 = Release|Any CPU
	EndGlobalSection
	GlobalSection(SolutionProperties) = preSolution
		HideSolutionNode = FALSE
	EndGlobalSection
	GlobalSection(ExtensibilityGlobals) = postSolution
		SolutionGuid = {2D0F229B-8967-4107-838B-A78618F9BC39}
	EndGlobalSection
EndGlobal
